
Microsoft Visual Studio Solution File, Format Version 12.00
# Visual Studio 14
VisualStudioVersion = 14.0.25420.1
MinimumVisualStudioVersion = 10.0.40219.1
Project("{FAE04EC0-301F-11D3-BF4B-00C04F79EFBC}") = "AsyncCS5", "AsyncCS5\AsyncCS5.csproj", "{D9F84B5F-11F6-4C9F-BA6B-95F126246B4A}"
EndProject
Project("{FAE04EC0-301F-11D3-BF4B-00C04F79EFBC}") = "TaskCompletionSourseDemo", "TaskCompletionSourseDemo\TaskCompletionSourseDemo.csproj", "{B9199742-F8DC-4A96-89ED-DBFF84CB8D45}"
EndProject
Project("{FAE04EC0-301F-11D3-BF4B-00C04F79EFBC}") = "await_c3", "await_c3\await_c3.csproj", "{D0FA64C8-5EB3-4D12-B015-86C19BF5F976}"
EndProject
Project("{FAE04EC0-301F-11D3-BF4B-00C04F79EFBC}") = "APM_to_TPL", "APM_to_TPL\APM_to_TPL.csproj", "{C22C77B3-FBBF-4CF7-B241-0FF2DF663F81}"
EndProject
Project("{FAE04EC0-301F-11D3-BF4B-00C04F79EFBC}") = "Cancelation_Token", "Cancelation_Token\Cancelation_Token.csproj", "{8353FBA3-5778-444F-8D3E-6988E867FB78}"
EndProject
Global
	GlobalSection(SolutionConfigurationPlatforms) = preSolution
		Debug|Any CPU = Debug|Any CPU
		Release|Any CPU = Release|Any CPU
	EndGlobalSection
	GlobalSection(ProjectConfigurationPlatforms) = postSolution
		{D9F84B5F-11F6-4C9F-BA6B-95F126246B4A}.Debug|Any CPU.ActiveCfg = Debug|Any CPU
		{D9F84B5F-11F6-4C9F-BA6B-95F126246B4A}.Debug|Any CPU.Build.0 = Debug|Any CPU
		{D9F84B5F-11F6-4C9F-BA6B-95F126246B4A}.Release|Any CPU.ActiveCfg = Release|Any CPU
		{D9F84B5F-11F6-4C9F-BA6B-95F126246B4A}.Release|Any CPU.Build.0 = Release|Any CPU
		{B9199742-F8DC-4A96-89ED-DBFF84CB8D45}.Debug|Any CPU.ActiveCfg = Debug|Any CPU
		{B9199742-F8DC-4A96-89ED-DBFF84CB8D45}.Debug|Any CPU.Build.0 = Debug|Any CPU
		{B9199742-F8DC-4A96-89ED-DBFF84CB8D45}.Release|Any CPU.ActiveCfg = Release|Any CPU
		{B9199742-F8DC-4A96-89ED-DBFF84CB8D45}.Release|Any CPU.Build.0 = Release|Any CPU
		{D0FA64C8-5EB3-4D12-B015-86C19BF5F976}.Debug|Any CPU.ActiveCfg = Debug|Any CPU
		{D0FA64C8-5EB3-4D12-B015-86C19BF5F976}.Debug|Any CPU.Build.0 = Debug|Any CPU
		{D0FA64C8-5EB3-4D12-B015-86C19BF5F976}.Release|Any CPU.ActiveCfg = Release|Any CPU
		{D0FA64C8-5EB3-4D12-B015-86C19BF5F976}.Release|Any CPU.Build.0 = Release|Any CPU
		{C22C77B3-FBBF-4CF7-B241-0FF2DF663F81}.Debug|Any CPU.ActiveCfg = Debug|Any CPU
		{C22C77B3-FBBF-4CF7-B241-0FF2DF663F81}.Debug|Any CPU.Build.0 = Debug|Any CPU
		{C22C77B3-FBBF-4CF7-B241-0FF2DF663F81}.Release|Any CPU.ActiveCfg = Release|Any CPU
		{C22C77B3-FBBF-4CF7-B241-0FF2DF663F81}.Release|Any CPU.Build.0 = Release|Any CPU
		{8353FBA3-5778-444F-8D3E-6988E867FB78}.Debug|Any CPU.ActiveCfg = Debug|Any CPU
		{8353FBA3-5778-444F-8D3E-6988E867FB78}.Debug|Any CPU.Build.0 = Debug|Any CPU
		{8353FBA3-5778-444F-8D3E-6988E867FB78}.Release|Any CPU.ActiveCfg = Release|Any CPU
		{8353FBA3-5778-444F-8D3E-6988E867FB78}.Release|Any CPU.Build.0 = Release|Any CPU
	EndGlobalSection
	GlobalSection(SolutionProperties) = preSolution
		HideSolutionNode = FALSE
	EndGlobalSection
EndGlobal
